
Microsoft Visual Studio Solution File, Format Version 12.00
# Visual Studio Version 17
VisualStudioVersion = 17.7.34024.191
MinimumVisualStudioVersion = 10.0.40219.1
Project("{FAE04EC0-301F-11D3-BF4B-00C04F79EFBC}") = "SifreRandomOdevi", "SifreRandomOdevi\SifreRandomOdevi.csproj", "{FE983360-1256-4B32-9560-CD60E2BC970E}"
EndProject
Global
	GlobalSection(SolutionConfigurationPlatforms) = preSolution
		Debug|Any CPU = Debug|Any CPU
		Release|Any CPU = Release|Any CPU
	EndGlobalSection
	GlobalSection(ProjectConfigurationPlatforms) = postSolution
		{FE983360-1256-4B32-9560-CD60E2BC970E}.Debug|Any CPU.ActiveCfg = Debug|Any CPU
		{FE983360-1256-4B32-9560-CD60E2BC970E}.Debug|Any CPU.Build.0 = Debug|Any CPU
		{FE983360-1256-4B32-9560-CD60E2BC970E}.Release|Any CPU.ActiveCfg = Release|Any CPU
		{FE983360-1256-4B32-9560-CD60E2BC970E}.Release|Any CPU.Build.0 = Release|Any CPU
	EndGlobalSection
	GlobalSection(SolutionProperties) = preSolution
		HideSolutionNode = FALSE
	EndGlobalSection
	GlobalSection(ExtensibilityGlobals) = postSolution
		SolutionGuid = {5312F833-523B-4358-91F1-0AF08E41885A}
	EndGlobalSection
EndGlobal
